
Microsoft Visual Studio Solution File, Format Version 12.00
# Visual Studio Version 17
VisualStudioVersion = 17.0.31903.59
MinimumVisualStudioVersion = 10.0.40219.1
Project("{E53339B2-1760-4266-BCC7-CA923CBCF16C}") = "docker-compose", "docker-compose.dcproj", "{FEA0C318-FFED-4D39-8781-265718CA43DD}"
EndProject
Project("{FAE04EC0-301F-11D3-BF4B-00C04F79EFBC}") = "Recipe.API", "Services\Recipe\Recipe.API\Recipe.API.csproj", "{2319A2B7-8CEC-4A2E-96DC-3A3FE9882674}"
EndProject
Project("{2150E333-8FDC-42A3-9474-1A3956D46DE8}") = "Services", "Services", "{E609234A-17BD-48C2-B486-B97DBE6121EF}"
EndProject
Project("{2150E333-8FDC-42A3-9474-1A3956D46DE8}") = "Recipe", "Recipe", "{D39A0F3D-0CD7-4D96-9B3E-A18CE3E51C69}"
EndProject
Project("{FAE04EC0-301F-11D3-BF4B-00C04F79EFBC}") = "Recipe.Common", "Services\Recipe\Recipe.Common\Recipe.Common.csproj", "{86843AEB-AB1E-49B4-A7D8-248D1FBCFF79}"
EndProject
Project("{2150E333-8FDC-42A3-9474-1A3956D46DE8}") = "SolutionItems", "SolutionItems", "{768678A0-8E43-4227-BAF7-F9F6FD654E59}"
	ProjectSection(SolutionItems) = preProject
		..\README.md = ..\README.md
	EndProjectSection
EndProject
Project("{2150E333-8FDC-42A3-9474-1A3956D46DE8}") = "Identity", "Identity", "{6819F8A4-4548-4363-AC8C-BCAA91CF4B25}"
EndProject
Project("{FAE04EC0-301F-11D3-BF4B-00C04F79EFBC}") = "Identity.Common", "Services\Identity\Identity.Common\Identity.Common.csproj", "{64F2097A-56F6-453E-BFB9-3034809DC4BE}"
EndProject
Project("{FAE04EC0-301F-11D3-BF4B-00C04F79EFBC}") = "Identity.API", "Services\Identity\Identity.API\Identity.API.csproj", "{2E95FFCC-BC54-4DF7-AA50-6BC4253C0AA5}"
EndProject
Global
	GlobalSection(SolutionConfigurationPlatforms) = preSolution
		Debug|Any CPU = Debug|Any CPU
		Release|Any CPU = Release|Any CPU
	EndGlobalSection
	GlobalSection(SolutionProperties) = preSolution
		HideSolutionNode = FALSE
	EndGlobalSection
	GlobalSection(ProjectConfigurationPlatforms) = postSolution
		{2319A2B7-8CEC-4A2E-96DC-3A3FE9882674}.Debug|Any CPU.ActiveCfg = Debug|Any CPU
		{2319A2B7-8CEC-4A2E-96DC-3A3FE9882674}.Debug|Any CPU.Build.0 = Debug|Any CPU
		{2319A2B7-8CEC-4A2E-96DC-3A3FE9882674}.Release|Any CPU.ActiveCfg = Release|Any CPU
		{2319A2B7-8CEC-4A2E-96DC-3A3FE9882674}.Release|Any CPU.Build.0 = Release|Any CPU
		{86843AEB-AB1E-49B4-A7D8-248D1FBCFF79}.Debug|Any CPU.ActiveCfg = Debug|Any CPU
		{86843AEB-AB1E-49B4-A7D8-248D1FBCFF79}.Debug|Any CPU.Build.0 = Debug|Any CPU
		{86843AEB-AB1E-49B4-A7D8-248D1FBCFF79}.Release|Any CPU.ActiveCfg = Release|Any CPU
		{86843AEB-AB1E-49B4-A7D8-248D1FBCFF79}.Release|Any CPU.Build.0 = Release|Any CPU
		{64F2097A-56F6-453E-BFB9-3034809DC4BE}.Debug|Any CPU.ActiveCfg = Debug|Any CPU
		{64F2097A-56F6-453E-BFB9-3034809DC4BE}.Debug|Any CPU.Build.0 = Debug|Any CPU
		{64F2097A-56F6-453E-BFB9-3034809DC4BE}.Release|Any CPU.ActiveCfg = Release|Any CPU
		{64F2097A-56F6-453E-BFB9-3034809DC4BE}.Release|Any CPU.Build.0 = Release|Any CPU
		{2E95FFCC-BC54-4DF7-AA50-6BC4253C0AA5}.Debug|Any CPU.ActiveCfg = Debug|Any CPU
		{2E95FFCC-BC54-4DF7-AA50-6BC4253C0AA5}.Debug|Any CPU.Build.0 = Debug|Any CPU
		{2E95FFCC-BC54-4DF7-AA50-6BC4253C0AA5}.Release|Any CPU.ActiveCfg = Release|Any CPU
		{2E95FFCC-BC54-4DF7-AA50-6BC4253C0AA5}.Release|Any CPU.Build.0 = Release|Any CPU
	EndGlobalSection
	GlobalSection(NestedProjects) = preSolution
		{D39A0F3D-0CD7-4D96-9B3E-A18CE3E51C69} = {E609234A-17BD-48C2-B486-B97DBE6121EF}
		{2319A2B7-8CEC-4A2E-96DC-3A3FE9882674} = {D39A0F3D-0CD7-4D96-9B3E-A18CE3E51C69}
		{86843AEB-AB1E-49B4-A7D8-248D1FBCFF79} = {D39A0F3D-0CD7-4D96-9B3E-A18CE3E51C69}
		{6819F8A4-4548-4363-AC8C-BCAA91CF4B25} = {E609234A-17BD-48C2-B486-B97DBE6121EF}
		{64F2097A-56F6-453E-BFB9-3034809DC4BE} = {6819F8A4-4548-4363-AC8C-BCAA91CF4B25}
		{2E95FFCC-BC54-4DF7-AA50-6BC4253C0AA5} = {6819F8A4-4548-4363-AC8C-BCAA91CF4B25}
	EndGlobalSection
EndGlobal
